
Microsoft Visual Studio Solution File, Format Version 12.00
# Visual Studio Version 16
VisualStudioVersion = 16.0.34114.132
MinimumVisualStudioVersion = 10.0.40219.1
Project("{FAE04EC0-301F-11D3-BF4B-00C04F79EFBC}") = "GorselProgramlama", "GorselProgramlama\GorselProgramlama.csproj", "{D6C722D2-BFED-42BE-93C5-33F10DD68B8B}"
EndProject
Global
	GlobalSection(SolutionConfigurationPlatforms) = preSolution
		Debug|Any CPU = Debug|Any CPU
		Release|Any CPU = Release|Any CPU
	EndGlobalSection
	GlobalSection(ProjectConfigurationPlatforms) = postSolution
		{D6C722D2-BFED-42BE-93C5-33F10DD68B8B}.Debug|Any CPU.ActiveCfg = Debug|Any CPU
		{D6C722D2-BFED-42BE-93C5-33F10DD68B8B}.Debug|Any CPU.Build.0 = Debug|Any CPU
		{D6C722D2-BFED-42BE-93C5-33F10DD68B8B}.Release|Any CPU.ActiveCfg = Release|Any CPU
		{D6C722D2-BFED-42BE-93C5-33F10DD68B8B}.Release|Any CPU.Build.0 = Release|Any CPU
	EndGlobalSection
	GlobalSection(SolutionProperties) = preSolution
		HideSolutionNode = FALSE
	EndGlobalSection
	GlobalSection(ExtensibilityGlobals) = postSolution
		SolutionGuid = {0DB3BA90-C482-4123-9FAA-34D10D6B8F70}
	EndGlobalSection
EndGlobal
